// !$*UTF8*$!
{
	archiveVersion = 1;
	classes = {
	};
	objectVersion = 46;
	objects = {

/* Begin PBXBuildFile section */
		4643562A1BC6093B00A44526 /* main.m in Sources */ = {isa = PBXBuildFile; fileRef = 464356291BC6093B00A44526 /* main.m */; };
		4643562D1BC6093B00A44526 /* AppDelegate.m in Sources */ = {isa = PBXBuildFile; fileRef = 4643562C1BC6093B00A44526 /* AppDelegate.m */; };
		464356351BC6093B00A44526 /* Assets.xcassets in Resources */ = {isa = PBXBuildFile; fileRef = 464356341BC6093B00A44526 /* Assets.xcassets */; };
		464356431BC6093B00A44526 /* ____Tests.m in Sources */ = {isa = PBXBuildFile; fileRef = 464356421BC6093B00A44526 /* ____Tests.m */; };
		4643564E1BC6093B00A44526 /* ____UITests.m in Sources */ = {isa = PBXBuildFile; fileRef = 4643564D1BC6093B00A44526 /* ____UITests.m */; };
		4643565E1BC611F100A44526 /* LoginViewController.m in Sources */ = {isa = PBXBuildFile; fileRef = 4643565C1BC611F100A44526 /* LoginViewController.m */; settings = {ASSET_TAGS = (); }; };
		4643565F1BC611F100A44526 /* LoginViewController.xib in Resources */ = {isa = PBXBuildFile; fileRef = 4643565D1BC611F100A44526 /* LoginViewController.xib */; settings = {ASSET_TAGS = (); }; };
		464356681BC6149600A44526 /* eyes-o.png in Resources */ = {isa = PBXBuildFile; fileRef = 464356621BC6149600A44526 /* eyes-o.png */; settings = {ASSET_TAGS = (); }; };
		464356691BC6149600A44526 /* eyes.png in Resources */ = {isa = PBXBuildFile; fileRef = 464356631BC6149600A44526 /* eyes.png */; settings = {ASSET_TAGS = (); }; };
		4643566A1BC6149600A44526 /* LoginButton.png in Resources */ = {isa = PBXBuildFile; fileRef = 464356641BC6149600A44526 /* LoginButton.png */; settings = {ASSET_TAGS = (); }; };
		4643566B1BC6149600A44526 /* logo.png in Resources */ = {isa = PBXBuildFile; fileRef = 464356651BC6149600A44526 /* logo.png */; settings = {ASSET_TAGS = (); }; };
		4643566C1BC6149600A44526 /* password.png in Resources */ = {isa = PBXBuildFile; fileRef = 464356661BC6149600A44526 /* password.png */; settings = {ASSET_TAGS = (); }; };
		4643566D1BC6149600A44526 /* user.png in Resources */ = {isa = PBXBuildFile; fileRef = 464356671BC6149600A44526 /* user.png */; settings = {ASSET_TAGS = (); }; };
		464356721BC61E9F00A44526 /* log1.png in Resources */ = {isa = PBXBuildFile; fileRef = 464356711BC61E9F00A44526 /* log1.png */; settings = {ASSET_TAGS = (); }; };
		46C716C01BC69FB800287742 /* AFHTTPRequestOperation.m in Sources */ = {isa = PBXBuildFile; fileRef = 46C7169E1BC69FB800287742 /* AFHTTPRequestOperation.m */; settings = {ASSET_TAGS = (); }; };
		46C716C11BC69FB800287742 /* AFHTTPRequestOperationManager.m in Sources */ = {isa = PBXBuildFile; fileRef = 46C716A01BC69FB800287742 /* AFHTTPRequestOperationManager.m */; settings = {ASSET_TAGS = (); }; };
		46C716C21BC69FB800287742 /* AFHTTPSessionManager.m in Sources */ = {isa = PBXBuildFile; fileRef = 46C716A21BC69FB800287742 /* AFHTTPSessionManager.m */; settings = {ASSET_TAGS = (); }; };
		46C716C31BC69FB800287742 /* AFNetworkReachabilityManager.m in Sources */ = {isa = PBXBuildFile; fileRef = 46C716A51BC69FB800287742 /* AFNetworkReachabilityManager.m */; settings = {ASSET_TAGS = (); }; };
		46C716C41BC69FB800287742 /* AFSecurityPolicy.m in Sources */ = {isa = PBXBuildFile; fileRef = 46C716A71BC69FB800287742 /* AFSecurityPolicy.m */; settings = {ASSET_TAGS = (); }; };
		46C716C51BC69FB800287742 /* AFURLConnectionOperation.m in Sources */ = {isa = PBXBuildFile; fileRef = 46C716A91BC69FB800287742 /* AFURLConnectionOperation.m */; settings = {ASSET_TAGS = (); }; };
		46C716C61BC69FB800287742 /* AFURLRequestSerialization.m in Sources */ = {isa = PBXBuildFile; fileRef = 46C716AB1BC69FB800287742 /* AFURLRequestSerialization.m */; settings = {ASSET_TAGS = (); }; };
		46C716C71BC69FB800287742 /* AFURLResponseSerialization.m in Sources */ = {isa = PBXBuildFile; fileRef = 46C716AD1BC69FB800287742 /* AFURLResponseSerialization.m */; settings = {ASSET_TAGS = (); }; };
		46C716C81BC69FB800287742 /* AFURLSessionManager.m in Sources */ = {isa = PBXBuildFile; fileRef = 46C716AF1BC69FB800287742 /* AFURLSessionManager.m */; settings = {ASSET_TAGS = (); }; };
		46C716C91BC69FB800287742 /* MJConst.m in Sources */ = {isa = PBXBuildFile; fileRef = 46C716B21BC69FB800287742 /* MJConst.m */; settings = {ASSET_TAGS = (); }; };
		46C716CA1BC69FB800287742 /* MJFoundation.m in Sources */ = {isa = PBXBuildFile; fileRef = 46C716B51BC69FB800287742 /* MJFoundation.m */; settings = {ASSET_TAGS = (); }; };
		46C716CB1BC69FB800287742 /* MJIvar.m in Sources */ = {isa = PBXBuildFile; fileRef = 46C716B71BC69FB800287742 /* MJIvar.m */; settings = {ASSET_TAGS = (); }; };
		46C716CC1BC69FB800287742 /* MJType.m in Sources */ = {isa = PBXBuildFile; fileRef = 46C716B91BC69FB800287742 /* MJType.m */; settings = {ASSET_TAGS = (); }; };
		46C716CD1BC69FB800287742 /* NSObject+MJCoding.m in Sources */ = {isa = PBXBuildFile; fileRef = 46C716BB1BC69FB800287742 /* NSObject+MJCoding.m */; settings = {ASSET_TAGS = (); }; };
		46C716CE1BC69FB800287742 /* NSObject+MJIvar.m in Sources */ = {isa = PBXBuildFile; fileRef = 46C716BD1BC69FB800287742 /* NSObject+MJIvar.m */; settings = {ASSET_TAGS = (); }; };
		46C716CF1BC69FB800287742 /* NSObject+MJKeyValue.m in Sources */ = {isa = PBXBuildFile; fileRef = 46C716BF1BC69FB800287742 /* NSObject+MJKeyValue.m */; settings = {ASSET_TAGS = (); }; };
/* End PBXBuildFile section */

/* Begin PBXContainerItemProxy section */
		4643563F1BC6093B00A44526 /* PBXContainerItemProxy */ = {
			isa = PBXContainerItemProxy;
			containerPortal = 4643561D1BC6093B00A44526 /* Project object */;
			proxyType = 1;
			remoteGlobalIDString = 464356241BC6093B00A44526;
			remoteInfo = "清房助手";
		};
		4643564A1BC6093B00A44526 /* PBXContainerItemProxy */ = {
			isa = PBXContainerItemProxy;
			containerPortal = 4643561D1BC6093B00A44526 /* Project object */;
			proxyType = 1;
			remoteGlobalIDString = 464356241BC6093B00A44526;
			remoteInfo = "清房助手";
		};
/* End PBXContainerItemProxy section */

/* Begin PBXFileReference section */
		464356251BC6093B00A44526 /* 清房助手.app */ = {isa = PBXFileReference; explicitFileType = wrapper.application; includeInIndex = 0; path = "清房助手.app"; sourceTree = BUILT_PRODUCTS_DIR; };
		464356291BC6093B00A44526 /* main.m */ = {isa = PBXFileReference; lastKnownFileType = sourcecode.c.objc; path = main.m; sourceTree = "<group>"; };
		4643562B1BC6093B00A44526 /* AppDelegate.h */ = {isa = PBXFileReference; lastKnownFileType = sourcecode.c.h; path = AppDelegate.h; sourceTree = "<group>"; };
		4643562C1BC6093B00A44526 /* AppDelegate.m */ = {isa = PBXFileReference; lastKnownFileType = sourcecode.c.objc; path = AppDelegate.m; sourceTree = "<group>"; };
		464356341BC6093B00A44526 /* Assets.xcassets */ = {isa = PBXFileReference; lastKnownFileType = folder.assetcatalog; path = Assets.xcassets; sourceTree = "<group>"; };
		464356391BC6093B00A44526 /* Info.plist */ = {isa = PBXFileReference; lastKnownFileType = text.plist.xml; path = Info.plist; sourceTree = "<group>"; };
		4643563E1BC6093B00A44526 /* 清房助手Tests.xctest */ = {isa = PBXFileReference; explicitFileType = wrapper.cfbundle; includeInIndex = 0; path = "清房助手Tests.xctest"; sourceTree = BUILT_PRODUCTS_DIR; };
		464356421BC6093B00A44526 /* ____Tests.m */ = {isa = PBXFileReference; lastKnownFileType = sourcecode.c.objc; path = "____Tests.m"; sourceTree = "<group>"; };
		464356441BC6093B00A44526 /* Info.plist */ = {isa = PBXFileReference; lastKnownFileType = text.plist.xml; path = Info.plist; sourceTree = "<group>"; };
		464356491BC6093B00A44526 /* 清房助手UITests.xctest */ = {isa = PBXFileReference; explicitFileType = wrapper.cfbundle; includeInIndex = 0; path = "清房助手UITests.xctest"; sourceTree = BUILT_PRODUCTS_DIR; };
		4643564D1BC6093B00A44526 /* ____UITests.m */ = {isa = PBXFileReference; lastKnownFileType = sourcecode.c.objc; path = "____UITests.m"; sourceTree = "<group>"; };
		4643564F1BC6093B00A44526 /* Info.plist */ = {isa = PBXFileReference; lastKnownFileType = text.plist.xml; path = Info.plist; sourceTree = "<group>"; };
		4643565B1BC611F100A44526 /* LoginViewController.h */ = {isa = PBXFileReference; fileEncoding = 4; lastKnownFileType = sourcecode.c.h; name = LoginViewController.h; path = login/LoginViewController.h; sourceTree = "<group>"; };
		4643565C1BC611F100A44526 /* LoginViewController.m */ = {isa = PBXFileReference; fileEncoding = 4; lastKnownFileType = sourcecode.c.objc; name = LoginViewController.m; path = login/LoginViewController.m; sourceTree = "<group>"; };
		4643565D1BC611F100A44526 /* LoginViewController.xib */ = {isa = PBXFileReference; fileEncoding = 4; lastKnownFileType = file.xib; name = LoginViewController.xib; path = login/LoginViewController.xib; sourceTree = "<group>"; };
		464356621BC6149600A44526 /* eyes-o.png */ = {isa = PBXFileReference; lastKnownFileType = image.png; path = "eyes-o.png"; sourceTree = "<group>"; };
		464356631BC6149600A44526 /* eyes.png */ = {isa = PBXFileReference; lastKnownFileType = image.png; path = eyes.png; sourceTree = "<group>"; };
		464356641BC6149600A44526 /* LoginButton.png */ = {isa = PBXFileReference; lastKnownFileType = image.png; path = LoginButton.png; sourceTree = "<group>"; };
		464356651BC6149600A44526 /* logo.png */ = {isa = PBXFileReference; lastKnownFileType = image.png; path = logo.png; sourceTree = "<group>"; };
		464356661BC6149600A44526 /* password.png */ = {isa = PBXFileReference; lastKnownFileType = image.png; path = password.png; sourceTree = "<group>"; };
		464356671BC6149600A44526 /* user.png */ = {isa = PBXFileReference; lastKnownFileType = image.png; path = user.png; sourceTree = "<group>"; };
		4643566E1BC6159300A44526 /* PrefixHeader.pch */ = {isa = PBXFileReference; lastKnownFileType = sourcecode.c.h; path = PrefixHeader.pch; sourceTree = "<group>"; };
		464356711BC61E9F00A44526 /* log1.png */ = {isa = PBXFileReference; lastKnownFileType = image.png; path = log1.png; sourceTree = "<group>"; };
		46C7169D1BC69FB800287742 /* AFHTTPRequestOperation.h */ = {isa = PBXFileReference; fileEncoding = 4; lastKnownFileType = sourcecode.c.h; path = AFHTTPRequestOperation.h; sourceTree = "<group>"; };
		46C7169E1BC69FB800287742 /* AFHTTPRequestOperation.m */ = {isa = PBXFileReference; fileEncoding = 4; lastKnownFileType = sourcecode.c.objc; path = AFHTTPRequestOperation.m; sourceTree = "<group>"; };
		46C7169F1BC69FB800287742 /* AFHTTPRequestOperationManager.h */ = {isa = PBXFileReference; fileEncoding = 4; lastKnownFileType = sourcecode.c.h; path = AFHTTPRequestOperationManager.h; sourceTree = "<group>"; };
		46C716A01BC69FB800287742 /* AFHTTPRequestOperationManager.m */ = {isa = PBXFileReference; fileEncoding = 4; lastKnownFileType = sourcecode.c.objc; path = AFHTTPRequestOperationManager.m; sourceTree = "<group>"; };
		46C716A11BC69FB800287742 /* AFHTTPSessionManager.h */ = {isa = PBXFileReference; fileEncoding = 4; lastKnownFileType = sourcecode.c.h; path = AFHTTPSessionManager.h; sourceTree = "<group>"; };
		46C716A21BC69FB800287742 /* AFHTTPSessionManager.m */ = {isa = PBXFileReference; fileEncoding = 4; lastKnownFileType = sourcecode.c.objc; path = AFHTTPSessionManager.m; sourceTree = "<group>"; };
		46C716A31BC69FB800287742 /* AFNetworking.h */ = {isa = PBXFileReference; fileEncoding = 4; lastKnownFileType = sourcecode.c.h; path = AFNetworking.h; sourceTree = "<group>"; };
		46C716A41BC69FB800287742 /* AFNetworkReachabilityManager.h */ = {isa = PBXFileReference; fileEncoding = 4; lastKnownFileType = sourcecode.c.h; path = AFNetworkReachabilityManager.h; sourceTree = "<group>"; };
		46C716A51BC69FB800287742 /* AFNetworkReachabilityManager.m */ = {isa = PBXFileReference; fileEncoding = 4; lastKnownFileType = sourcecode.c.objc; path = AFNetworkReachabilityManager.m; sourceTree = "<group>"; };
		46C716A61BC69FB800287742 /* AFSecurityPolicy.h */ = {isa = PBXFileReference; fileEncoding = 4; lastKnownFileType = sourcecode.c.h; path = AFSecurityPolicy.h; sourceTree = "<group>"; };
		46C716A71BC69FB800287742 /* AFSecurityPolicy.m */ = {isa = PBXFileReference; fileEncoding = 4; lastKnownFileType = sourcecode.c.objc; path = AFSecurityPolicy.m; sourceTree = "<group>"; };
		46C716A81BC69FB800287742 /* AFURLConnectionOperation.h */ = {isa = PBXFileReference; fileEncoding = 4; lastKnownFileType = sourcecode.c.h; path = AFURLConnectionOperation.h; sourceTree = "<group>"; };
		46C716A91BC69FB800287742 /* AFURLConnectionOperation.m */ = {isa = PBXFileReference; fileEncoding = 4; lastKnownFileType = sourcecode.c.objc; path = AFURLConnectionOperation.m; sourceTree = "<group>"; };
		46C716AA1BC69FB800287742 /* AFURLRequestSerialization.h */ = {isa = PBXFileReference; fileEncoding = 4; lastKnownFileType = sourcecode.c.h; path = AFURLRequestSerialization.h; sourceTree = "<group>"; };
		46C716AB1BC69FB800287742 /* AFURLRequestSerialization.m */ = {isa = PBXFileReference; fileEncoding = 4; lastKnownFileType = sourcecode.c.objc; path = AFURLRequestSerialization.m; sourceTree = "<group>"; };
		46C716AC1BC69FB800287742 /* AFURLResponseSerialization.h */ = {isa = PBXFileReference; fileEncoding = 4; lastKnownFileType = sourcecode.c.h; path = AFURLResponseSerialization.h; sourceTree = "<group>"; };
		46C716AD1BC69FB800287742 /* AFURLResponseSerialization.m */ = {isa = PBXFileReference; fileEncoding = 4; lastKnownFileType = sourcecode.c.objc; path = AFURLResponseSerialization.m; sourceTree = "<group>"; };
		46C716AE1BC69FB800287742 /* AFURLSessionManager.h */ = {isa = PBXFileReference; fileEncoding = 4; lastKnownFileType = sourcecode.c.h; path = AFURLSessionManager.h; sourceTree = "<group>"; };
		46C716AF1BC69FB800287742 /* AFURLSessionManager.m */ = {isa = PBXFileReference; fileEncoding = 4; lastKnownFileType = sourcecode.c.objc; path = AFURLSessionManager.m; sourceTree = "<group>"; };
		46C716B11BC69FB800287742 /* MJConst.h */ = {isa = PBXFileReference; fileEncoding = 4; lastKnownFileType = sourcecode.c.h; path = MJConst.h; sourceTree = "<group>"; };
		46C716B21BC69FB800287742 /* MJConst.m */ = {isa = PBXFileReference; fileEncoding = 4; lastKnownFileType = sourcecode.c.objc; path = MJConst.m; sourceTree = "<group>"; };
		46C716B31BC69FB800287742 /* MJExtension.h */ = {isa = PBXFileReference; fileEncoding = 4; lastKnownFileType = sourcecode.c.h; path = MJExtension.h; sourceTree = "<group>"; };
		46C716B41BC69FB800287742 /* MJFoundation.h */ = {isa = PBXFileReference; fileEncoding = 4; lastKnownFileType = sourcecode.c.h; path = MJFoundation.h; sourceTree = "<group>"; };
		46C716B51BC69FB800287742 /* MJFoundation.m */ = {isa = PBXFileReference; fileEncoding = 4; lastKnownFileType = sourcecode.c.objc; path = MJFoundation.m; sourceTree = "<group>"; };
		46C716B61BC69FB800287742 /* MJIvar.h */ = {isa = PBXFileReference; fileEncoding = 4; lastKnownFileType = sourcecode.c.h; path = MJIvar.h; sourceTree = "<group>"; };
		46C716B71BC69FB800287742 /* MJIvar.m */ = {isa = PBXFileReference; fileEncoding = 4; lastKnownFileType = sourcecode.c.objc; path = MJIvar.m; sourceTree = "<group>"; };
		46C716B81BC69FB800287742 /* MJType.h */ = {isa = PBXFileReference; fileEncoding = 4; lastKnownFileType = sourcecode.c.h; path = MJType.h; sourceTree = "<group>"; };
		46C716B91BC69FB800287742 /* MJType.m */ = {isa = PBXFileReference; fileEncoding = 4; lastKnownFileType = sourcecode.c.objc; path = MJType.m; sourceTree = "<group>"; };
		46C716BA1BC69FB800287742 /* NSObject+MJCoding.h */ = {isa = PBXFileReference; fileEncoding = 4; lastKnownFileType = sourcecode.c.h; path = "NSObject+MJCoding.h"; sourceTree = "<group>"; };
		46C716BB1BC69FB800287742 /* NSObject+MJCoding.m */ = {isa = PBXFileReference; fileEncoding = 4; lastKnownFileType = sourcecode.c.objc; path = "NSObject+MJCoding.m"; sourceTree = "<group>"; };
		46C716BC1BC69FB800287742 /* NSObject+MJIvar.h */ = {isa = PBXFileReference; fileEncoding = 4; lastKnownFileType = sourcecode.c.h; path = "NSObject+MJIvar.h"; sourceTree = "<group>"; };
		46C716BD1BC69FB800287742 /* NSObject+MJIvar.m */ = {isa = PBXFileReference; fileEncoding = 4; lastKnownFileType = sourcecode.c.objc; path = "NSObject+MJIvar.m"; sourceTree = "<group>"; };
		46C716BE1BC69FB800287742 /* NSObject+MJKeyValue.h */ = {isa = PBXFileReference; fileEncoding = 4; lastKnownFileType = sourcecode.c.h; path = "NSObject+MJKeyValue.h"; sourceTree = "<group>"; };
		46C716BF1BC69FB800287742 /* NSObject+MJKeyValue.m */ = {isa = PBXFileReference; fileEncoding = 4; lastKnownFileType = sourcecode.c.objc; path = "NSObject+MJKeyValue.m"; sourceTree = "<group>"; };
/* End PBXFileReference section */

/* Begin PBXFrameworksBuildPhase section */
		464356221BC6093B00A44526 /* Frameworks */ = {
			isa = PBXFrameworksBuildPhase;
			buildActionMask = 2147483647;
			files = (
			);
			runOnlyForDeploymentPostprocessing = 0;
		};
		4643563B1BC6093B00A44526 /* Frameworks */ = {
			isa = PBXFrameworksBuildPhase;
			buildActionMask = 2147483647;
			files = (
			);
			runOnlyForDeploymentPostprocessing = 0;
		};
		464356461BC6093B00A44526 /* Frameworks */ = {
			isa = PBXFrameworksBuildPhase;
			buildActionMask = 2147483647;
			files = (
			);
			runOnlyForDeploymentPostprocessing = 0;
		};
/* End PBXFrameworksBuildPhase section */

/* Begin PBXGroup section */
		4643561C1BC6093B00A44526 = {
			isa = PBXGroup;
			children = (
				464356271BC6093B00A44526 /* 清房助手 */,
				464356411BC6093B00A44526 /* 清房助手Tests */,
				4643564C1BC6093B00A44526 /* 清房助手UITests */,
				464356261BC6093B00A44526 /* Products */,
			);
			sourceTree = "<group>";
		};
		464356261BC6093B00A44526 /* Products */ = {
			isa = PBXGroup;
			children = (
				464356251BC6093B00A44526 /* 清房助手.app */,
				4643563E1BC6093B00A44526 /* 清房助手Tests.xctest */,
				464356491BC6093B00A44526 /* 清房助手UITests.xctest */,
			);
			name = Products;
			sourceTree = "<group>";
		};
		464356271BC6093B00A44526 /* 清房助手 */ = {
			isa = PBXGroup;
			children = (
				46C7169B1BC66EF400287742 /* Lib */,
				4643566F1BC615A000A44526 /* Login */,
				464356701BC615C700A44526 /* other */,
				464356601BC613A500A44526 /* resource */,
				464356281BC6093B00A44526 /* Supporting Files */,
			);
			path = "清房助手";
			sourceTree = "<group>";
		};
		464356281BC6093B00A44526 /* Supporting Files */ = {
			isa = PBXGroup;
			children = (
				464356291BC6093B00A44526 /* main.m */,
			);
			name = "Supporting Files";
			sourceTree = "<group>";
		};
		464356411BC6093B00A44526 /* 清房助手Tests */ = {
			isa = PBXGroup;
			children = (
				464356421BC6093B00A44526 /* ____Tests.m */,
				464356441BC6093B00A44526 /* Info.plist */,
			);
			path = "清房助手Tests";
			sourceTree = "<group>";
		};
		4643564C1BC6093B00A44526 /* 清房助手UITests */ = {
			isa = PBXGroup;
			children = (
				4643564D1BC6093B00A44526 /* ____UITests.m */,
				4643564F1BC6093B00A44526 /* Info.plist */,
			);
			path = "清房助手UITests";
			sourceTree = "<group>";
		};
		464356601BC613A500A44526 /* resource */ = {
			isa = PBXGroup;
			children = (
				464356611BC613D300A44526 /* loginView */,
			);
			name = resource;
			sourceTree = "<group>";
		};
		464356611BC613D300A44526 /* loginView */ = {
			isa = PBXGroup;
			children = (
				464356711BC61E9F00A44526 /* log1.png */,
				464356621BC6149600A44526 /* eyes-o.png */,
				464356631BC6149600A44526 /* eyes.png */,
				464356641BC6149600A44526 /* LoginButton.png */,
				464356651BC6149600A44526 /* logo.png */,
				464356661BC6149600A44526 /* password.png */,
				464356671BC6149600A44526 /* user.png */,
			);
			name = loginView;
			sourceTree = "<group>";
		};
		4643566F1BC615A000A44526 /* Login */ = {
			isa = PBXGroup;
			children = (
				4643565B1BC611F100A44526 /* LoginViewController.h */,
				4643565C1BC611F100A44526 /* LoginViewController.m */,
				4643565D1BC611F100A44526 /* LoginViewController.xib */,
			);
			name = Login;
			sourceTree = "<group>";
		};
		464356701BC615C700A44526 /* other */ = {
			isa = PBXGroup;
			children = (
				4643562B1BC6093B00A44526 /* AppDelegate.h */,
				4643562C1BC6093B00A44526 /* AppDelegate.m */,
				4643566E1BC6159300A44526 /* PrefixHeader.pch */,
				464356341BC6093B00A44526 /* Assets.xcassets */,
				464356391BC6093B00A44526 /* Info.plist */,
			);
			name = other;
			sourceTree = "<group>";
		};
		46C7169B1BC66EF400287742 /* Lib */ = {
			isa = PBXGroup;
			children = (
				46C716B01BC69FB800287742 /* MJExtension */,
				46C7169C1BC69FB800287742 /* AFNetworking */,
			);
			name = Lib;
			sourceTree = "<group>";
		};
		46C7169C1BC69FB800287742 /* AFNetworking */ = {
			isa = PBXGroup;
			children = (
				46C7169D1BC69FB800287742 /* AFHTTPRequestOperation.h */,
				46C7169E1BC69FB800287742 /* AFHTTPRequestOperation.m */,
				46C7169F1BC69FB800287742 /* AFHTTPRequestOperationManager.h */,
				46C716A01BC69FB800287742 /* AFHTTPRequestOperationManager.m */,
				46C716A11BC69FB800287742 /* AFHTTPSessionManager.h */,
				46C716A21BC69FB800287742 /* AFHTTPSessionManager.m */,
				46C716A31BC69FB800287742 /* AFNetworking.h */,
				46C716A41BC69FB800287742 /* AFNetworkReachabilityManager.h */,
				46C716A51BC69FB800287742 /* AFNetworkReachabilityManager.m */,
				46C716A61BC69FB800287742 /* AFSecurityPolicy.h */,
				46C716A71BC69FB800287742 /* AFSecurityPolicy.m */,
				46C716A81BC69FB800287742 /* AFURLConnectionOperation.h */,
				46C716A91BC69FB800287742 /* AFURLConnectionOperation.m */,
				46C716AA1BC69FB800287742 /* AFURLRequestSerialization.h */,
				46C716AB1BC69FB800287742 /* AFURLRequestSerialization.m */,
				46C716AC1BC69FB800287742 /* AFURLResponseSerialization.h */,
				46C716AD1BC69FB800287742 /* AFURLResponseSerialization.m */,
				46C716AE1BC69FB800287742 /* AFURLSessionManager.h */,
				46C716AF1BC69FB800287742 /* AFURLSessionManager.m */,
			);
			path = AFNetworking;
			sourceTree = "<group>";
		};
		46C716B01BC69FB800287742 /* MJExtension */ = {
			isa = PBXGroup;
			children = (
				46C716B11BC69FB800287742 /* MJConst.h */,
				46C716B21BC69FB800287742 /* MJConst.m */,
				46C716B31BC69FB800287742 /* MJExtension.h */,
				46C716B41BC69FB800287742 /* MJFoundation.h */,
				46C716B51BC69FB800287742 /* MJFoundation.m */,
				46C716B61BC69FB800287742 /* MJIvar.h */,
				46C716B71BC69FB800287742 /* MJIvar.m */,
				46C716B81BC69FB800287742 /* MJType.h */,
				46C716B91BC69FB800287742 /* MJType.m */,
				46C716BA1BC69FB800287742 /* NSObject+MJCoding.h */,
				46C716BB1BC69FB800287742 /* NSObject+MJCoding.m */,
				46C716BC1BC69FB800287742 /* NSObject+MJIvar.h */,
				46C716BD1BC69FB800287742 /* NSObject+MJIvar.m */,
				46C716BE1BC69FB800287742 /* NSObject+MJKeyValue.h */,
				46C716BF1BC69FB800287742 /* NSObject+MJKeyValue.m */,
			);
			name = MJExtension;
			path = AFNetworking/MJExtension;
			sourceTree = "<group>";
		};
/* End PBXGroup section */

/* Begin PBXNativeTarget section */
		464356241BC6093B00A44526 /* 清房助手 */ = {
			isa = PBXNativeTarget;
			buildConfigurationList = 464356521BC6093B00A44526 /* Build configuration list for PBXNativeTarget "清房助手" */;
			buildPhases = (
				464356211BC6093B00A44526 /* Sources */,
				464356221BC6093B00A44526 /* Frameworks */,
				464356231BC6093B00A44526 /* Resources */,
			);
			buildRules = (
			);
			dependencies = (
			);
			name = "清房助手";
			productName = "清房助手";
			productReference = 464356251BC6093B00A44526 /* 清房助手.app */;
			productType = "com.apple.product-type.application";
		};
		4643563D1BC6093B00A44526 /* 清房助手Tests */ = {
			isa = PBXNativeTarget;
			buildConfigurationList = 464356551BC6093B00A44526 /* Build configuration list for PBXNativeTarget "清房助手Tests" */;
			buildPhases = (
				4643563A1BC6093B00A44526 /* Sources */,
				4643563B1BC6093B00A44526 /* Frameworks */,
				4643563C1BC6093B00A44526 /* Resources */,
			);
			buildRules = (
			);
			dependencies = (
				464356401BC6093B00A44526 /* PBXTargetDependency */,
			);
			name = "清房助手Tests";
			productName = "清房助手Tests";
			productReference = 4643563E1BC6093B00A44526 /* 清房助手Tests.xctest */;
			productType = "com.apple.product-type.bundle.unit-test";
		};
		464356481BC6093B00A44526 /* 清房助手UITests */ = {
			isa = PBXNativeTarget;
			buildConfigurationList = 464356581BC6093B00A44526 /* Build configuration list for PBXNativeTarget "清房助手UITests" */;
			buildPhases = (
				464356451BC6093B00A44526 /* Sources */,
				464356461BC6093B00A44526 /* Frameworks */,
				464356471BC6093B00A44526 /* Resources */,
			);
			buildRules = (
			);
			dependencies = (
				4643564B1BC6093B00A44526 /* PBXTargetDependency */,
			);
			name = "清房助手UITests";
			productName = "清房助手UITests";
			productReference = 464356491BC6093B00A44526 /* 清房助手UITests.xctest */;
			productType = "com.apple.product-type.bundle.ui-testing";
		};
/* End PBXNativeTarget section */

/* Begin PBXProject section */
		4643561D1BC6093B00A44526 /* Project object */ = {
			isa = PBXProject;
			attributes = {
				LastUpgradeCheck = 0700;
				ORGANIZATIONNAME = Larry;
				TargetAttributes = {
					464356241BC6093B00A44526 = {
						CreatedOnToolsVersion = 7.0;
						DevelopmentTeam = PKQNYXVK7C;
					};
					4643563D1BC6093B00A44526 = {
						CreatedOnToolsVersion = 7.0;
						DevelopmentTeam = PKQNYXVK7C;
						TestTargetID = 464356241BC6093B00A44526;
					};
					464356481BC6093B00A44526 = {
						CreatedOnToolsVersion = 7.0;
						DevelopmentTeam = PKQNYXVK7C;
						TestTargetID = 464356241BC6093B00A44526;
					};
				};
			};
			buildConfigurationList = 464356201BC6093B00A44526 /* Build configuration list for PBXProject "清房助手" */;
			compatibilityVersion = "Xcode 3.2";
			developmentRegion = English;
			hasScannedForEncodings = 0;
			knownRegions = (
				en,
				Base,
			);
			mainGroup = 4643561C1BC6093B00A44526;
			productRefGroup = 464356261BC6093B00A44526 /* Products */;
			projectDirPath = "";
			projectRoot = "";
			targets = (
				464356241BC6093B00A44526 /* 清房助手 */,
				4643563D1BC6093B00A44526 /* 清房助手Tests */,
				464356481BC6093B00A44526 /* 清房助手UITests */,
			);
		};
/* End PBXProject section */

/* Begin PBXResourcesBuildPhase section */
		464356231BC6093B00A44526 /* Resources */ = {
			isa = PBXResourcesBuildPhase;
			buildActionMask = 2147483647;
			files = (
				4643566C1BC6149600A44526 /* password.png in Resources */,
				464356351BC6093B00A44526 /* Assets.xcassets in Resources */,
				464356721BC61E9F00A44526 /* log1.png in Resources */,
				4643566D1BC6149600A44526 /* user.png in Resources */,
				464356691BC6149600A44526 /* eyes.png in Resources */,
				4643566B1BC6149600A44526 /* logo.png in Resources */,
				464356681BC6149600A44526 /* eyes-o.png in Resources */,
				4643566A1BC6149600A44526 /* LoginButton.png in Resources */,
				4643565F1BC611F100A44526 /* LoginViewController.xib in Resources */,
			);
			runOnlyForDeploymentPostprocessing = 0;
		};
		4643563C1BC6093B00A44526 /* Resources */ = {
			isa = PBXResourcesBuildPhase;
			buildActionMask = 2147483647;
			files = (
			);
			runOnlyForDeploymentPostprocessing = 0;
		};
		464356471BC6093B00A44526 /* Resources */ = {
			isa = PBXResourcesBuildPhase;
			buildActionMask = 2147483647;
			files = (
			);
			runOnlyForDeploymentPostprocessing = 0;
		};
/* End PBXResourcesBuildPhase section */

/* Begin PBXSourcesBuildPhase section */
		464356211BC6093B00A44526 /* Sources */ = {
			isa = PBXSourcesBuildPhase;
			buildActionMask = 2147483647;
			files = (
				46C716CD1BC69FB800287742 /* NSObject+MJCoding.m in Sources */,
				46C716CF1BC69FB800287742 /* NSObject+MJKeyValue.m in Sources */,
				46C716CB1BC69FB800287742 /* MJIvar.m in Sources */,
				46C716C01BC69FB800287742 /* AFHTTPRequestOperation.m in Sources */,
				46C716CA1BC69FB800287742 /* MJFoundation.m in Sources */,
				4643565E1BC611F100A44526 /* LoginViewController.m in Sources */,
				46C716C11BC69FB800287742 /* AFHTTPRequestOperationManager.m in Sources */,
				46C716C31BC69FB800287742 /* AFNetworkReachabilityManager.m in Sources */,
				46C716C71BC69FB800287742 /* AFURLResponseSerialization.m in Sources */,
				46C716CE1BC69FB800287742 /* NSObject+MJIvar.m in Sources */,
				46C716C51BC69FB800287742 /* AFURLConnectionOperation.m in Sources */,
				46C716C41BC69FB800287742 /* AFSecurityPolicy.m in Sources */,
				46C716C21BC69FB800287742 /* AFHTTPSessionManager.m in Sources */,
				46C716C61BC69FB800287742 /* AFURLRequestSerialization.m in Sources */,
				46C716C81BC69FB800287742 /* AFURLSessionManager.m in Sources */,
				46C716CC1BC69FB800287742 /* MJType.m in Sources */,
				4643562D1BC6093B00A44526 /* AppDelegate.m in Sources */,
				4643562A1BC6093B00A44526 /* main.m in Sources */,
				46C716C91BC69FB800287742 /* MJConst.m in Sources */,
			);
			runOnlyForDeploymentPostprocessing = 0;
		};
		4643563A1BC6093B00A44526 /* Sources */ = {
			isa = PBXSourcesBuildPhase;
			buildActionMask = 2147483647;
			files = (
				464356431BC6093B00A44526 /* ____Tests.m in Sources */,
			);
			runOnlyForDeploymentPostprocessing = 0;
		};
		464356451BC6093B00A44526 /* Sources */ = {
			isa = PBXSourcesBuildPhase;
			buildActionMask = 2147483647;
			files = (
				4643564E1BC6093B00A44526 /* ____UITests.m in Sources */,
			);
			runOnlyForDeploymentPostprocessing = 0;
		};
/* End PBXSourcesBuildPhase section */

/* Begin PBXTargetDependency section */
		464356401BC6093B00A44526 /* PBXTargetDependency */ = {
			isa = PBXTargetDependency;
			target = 464356241BC6093B00A44526 /* 清房助手 */;
			targetProxy = 4643563F1BC6093B00A44526 /* PBXContainerItemProxy */;
		};
		4643564B1BC6093B00A44526 /* PBXTargetDependency */ = {
			isa = PBXTargetDependency;
			target = 464356241BC6093B00A44526 /* 清房助手 */;
			targetProxy = 4643564A1BC6093B00A44526 /* PBXContainerItemProxy */;
		};
/* End PBXTargetDependency section */

/* Begin XCBuildConfiguration section */
		464356501BC6093B00A44526 /* Debug */ = {
			isa = XCBuildConfiguration;
			buildSettings = {
				ALWAYS_SEARCH_USER_PATHS = NO;
				CLANG_CXX_LANGUAGE_STANDARD = "gnu++0x";
				CLANG_CXX_LIBRARY = "libc++";
				CLANG_ENABLE_MODULES = YES;
				CLANG_ENABLE_OBJC_ARC = YES;
				CLANG_WARN_BOOL_CONVERSION = YES;
				CLANG_WARN_CONSTANT_CONVERSION = YES;
				CLANG_WARN_DIRECT_OBJC_ISA_USAGE = YES_ERROR;
				CLANG_WARN_EMPTY_BODY = YES;
				CLANG_WARN_ENUM_CONVERSION = YES;
				CLANG_WARN_INT_CONVERSION = YES;
				CLANG_WARN_OBJC_ROOT_CLASS = YES_ERROR;
				CLANG_WARN_UNREACHABLE_CODE = YES;
				CLANG_WARN__DUPLICATE_METHOD_MATCH = YES;
				"CODE_SIGN_IDENTITY[sdk=iphoneos*]" = "iPhone Developer";
				COPY_PHASE_STRIP = NO;
				DEBUG_INFORMATION_FORMAT = dwarf;
				ENABLE_STRICT_OBJC_MSGSEND = YES;
				ENABLE_TESTABILITY = YES;
				GCC_C_LANGUAGE_STANDARD = gnu99;
				GCC_DYNAMIC_NO_PIC = NO;
				GCC_INCREASE_PRECOMPILED_HEADER_SHARING = YES;
				GCC_NO_COMMON_BLOCKS = YES;
				GCC_OPTIMIZATION_LEVEL = 0;
				GCC_PRECOMPILE_PREFIX_HEADER = YES;
				GCC_PREFIX_HEADER = "$(SRCROOT)/$(TARGET_NAME)/PrefixHeader.pch";
				GCC_PREPROCESSOR_DEFINITIONS = (
					"DEBUG=1",
					"$(inherited)",
				);
				GCC_WARN_64_TO_32_BIT_CONVERSION = YES;
				GCC_WARN_ABOUT_RETURN_TYPE = YES_ERROR;
				GCC_WARN_UNDECLARED_SELECTOR = YES;
				GCC_WARN_UNINITIALIZED_AUTOS = YES_AGGRESSIVE;
				GCC_WARN_UNUSED_FUNCTION = YES;
				GCC_WARN_UNUSED_VARIABLE = YES;
				IPHONEOS_DEPLOYMENT_TARGET = 9.0;
				MTL_ENABLE_DEBUG_INFO = YES;
				ONLY_ACTIVE_ARCH = YES;
				SDKROOT = iphoneos;
			};
			name = Debug;
		};
		464356511BC6093B00A44526 /* Release */ = {
			isa = XCBuildConfiguration;
			buildSettings = {
				ALWAYS_SEARCH_USER_PATHS = NO;
				CLANG_CXX_LANGUAGE_STANDARD = "gnu++0x";
				CLANG_CXX_LIBRARY = "libc++";
				CLANG_ENABLE_MODULES = YES;
				CLANG_ENABLE_OBJC_ARC = YES;
				CLANG_WARN_BOOL_CONVERSION = YES;
				CLANG_WARN_CONSTANT_CONVERSION = YES;
				CLANG_WARN_DIRECT_OBJC_ISA_USAGE = YES_ERROR;
				CLANG_WARN_EMPTY_BODY = YES;
				CLANG_WARN_ENUM_CONVERSION = YES;
				CLANG_WARN_INT_CONVERSION = YES;
				CLANG_WARN_OBJC_ROOT_CLASS = YES_ERROR;
				CLANG_WARN_UNREACHABLE_CODE = YES;
				CLANG_WARN__DUPLICATE_METHOD_MATCH = YES;
				"CODE_SIGN_IDENTITY[sdk=iphoneos*]" = "iPhone Developer";
				COPY_PHASE_STRIP = NO;
				DEBUG_INFORMATION_FORMAT = "dwarf-with-dsym";
				ENABLE_NS_ASSERTIONS = NO;
				ENABLE_STRICT_OBJC_MSGSEND = YES;
				GCC_C_LANGUAGE_STANDARD = gnu99;
				GCC_INCREASE_PRECOMPILED_HEADER_SHARING = YES;
				GCC_NO_COMMON_BLOCKS = YES;
				GCC_PRECOMPILE_PREFIX_HEADER = YES;
				GCC_PREFIX_HEADER = "$(BUILT_PRODUCTS_DIR)/$(TARGET_NAME)/PrefixHeader.pch";
				GCC_WARN_64_TO_32_BIT_CONVERSION = YES;
				GCC_WARN_ABOUT_RETURN_TYPE = YES_ERROR;
				GCC_WARN_UNDECLARED_SELECTOR = YES;
				GCC_WARN_UNINITIALIZED_AUTOS = YES_AGGRESSIVE;
				GCC_WARN_UNUSED_FUNCTION = YES;
				GCC_WARN_UNUSED_VARIABLE = YES;
				IPHONEOS_DEPLOYMENT_TARGET = 9.0;
				MTL_ENABLE_DEBUG_INFO = NO;
				SDKROOT = iphoneos;
				VALIDATE_PRODUCT = YES;
			};
			name = Release;
		};
		464356531BC6093B00A44526 /* Debug */ = {
			isa = XCBuildConfiguration;
			buildSettings = {
				ASSETCATALOG_COMPILER_APPICON_NAME = AppIcon;
				CODE_SIGN_IDENTITY = "iPhone Developer: Yujiao Huang (4Y9V47XR33)";
				INFOPLIST_FILE = "清房助手/Info.plist";
				IPHONEOS_DEPLOYMENT_TARGET = 7.0;
				LD_RUNPATH_SEARCH_PATHS = "$(inherited) @executable_path/Frameworks";
				PRODUCT_BUNDLE_IDENTIFIER = "FBI.----";
				PRODUCT_NAME = "$(TARGET_NAME)";
			};
			name = Debug;
		};
		464356541BC6093B00A44526 /* Release */ = {
			isa = XCBuildConfiguration;
			buildSettings = {
				ASSETCATALOG_COMPILER_APPICON_NAME = AppIcon;
				CODE_SIGN_IDENTITY = "iPhone Developer: Yujiao Huang (4Y9V47XR33)";
				INFOPLIST_FILE = "清房助手/Info.plist";
				IPHONEOS_DEPLOYMENT_TARGET = 7.0;
				LD_RUNPATH_SEARCH_PATHS = "$(inherited) @executable_path/Frameworks";
				PRODUCT_BUNDLE_IDENTIFIER = "FBI.----";
				PRODUCT_NAME = "$(TARGET_NAME)";
			};
			name = Release;
		};
		464356561BC6093B00A44526 /* Debug */ = {
			isa = XCBuildConfiguration;
			buildSettings = {
				BUNDLE_LOADER = "$(TEST_HOST)";
				INFOPLIST_FILE = "清房助手Tests/Info.plist";
				LD_RUNPATH_SEARCH_PATHS = "$(inherited) @executable_path/Frameworks @loader_path/Frameworks";
				PRODUCT_BUNDLE_IDENTIFIER = "FBI.----Tests";
				PRODUCT_NAME = "$(TARGET_NAME)";
				TEST_HOST = "$(BUILT_PRODUCTS_DIR)/清房助手.app/清房助手";
			};
			name = Debug;
		};
		464356571BC6093B00A44526 /* Release */ = {
			isa = XCBuildConfiguration;
			buildSettings = {
				BUNDLE_LOADER = "$(TEST_HOST)";
				INFOPLIST_FILE = "清房助手Tests/Info.plist";
				LD_RUNPATH_SEARCH_PATHS = "$(inherited) @executable_path/Frameworks @loader_path/Frameworks";
				PRODUCT_BUNDLE_IDENTIFIER = "FBI.----Tests";
				PRODUCT_NAME = "$(TARGET_NAME)";
				TEST_HOST = "$(BUILT_PRODUCTS_DIR)/清房助手.app/清房助手";
			};
			name = Release;
		};
		464356591BC6093B00A44526 /* Debug */ = {
			isa = XCBuildConfiguration;
			buildSettings = {
				INFOPLIST_FILE = "清房助手UITests/Info.plist";
				LD_RUNPATH_SEARCH_PATHS = "$(inherited) @executable_path/Frameworks @loader_path/Frameworks";
				PRODUCT_BUNDLE_IDENTIFIER = "FBI.----UITests";
				PRODUCT_NAME = "$(TARGET_NAME)";
				TEST_TARGET_NAME = "清房助手";
				USES_XCTRUNNER = YES;
			};
			name = Debug;
		};
		4643565A1BC6093B00A44526 /* Release */ = {
			isa = XCBuildConfiguration;
			buildSettings = {
				INFOPLIST_FILE = "清房助手UITests/Info.plist";
				LD_RUNPATH_SEARCH_PATHS = "$(inherited) @executable_path/Frameworks @loader_path/Frameworks";
				PRODUCT_BUNDLE_IDENTIFIER = "FBI.----UITests";
				PRODUCT_NAME = "$(TARGET_NAME)";
				TEST_TARGET_NAME = "清房助手";
				USES_XCTRUNNER = YES;
			};
			name = Release;
		};
/* End XCBuildConfiguration section */

/* Begin XCConfigurationList section */
		464356201BC6093B00A44526 /* Build configuration list for PBXProject "清房助手" */ = {
			isa = XCConfigurationList;
			buildConfigurations = (
				464356501BC6093B00A44526 /* Debug */,
				464356511BC6093B00A44526 /* Release */,
			);
			defaultConfigurationIsVisible = 0;
			defaultConfigurationName = Release;
		};
		464356521BC6093B00A44526 /* Build configuration list for PBXNativeTarget "清房助手" */ = {
			isa = XCConfigurationList;
			buildConfigurations = (
				464356531BC6093B00A44526 /* Debug */,
				464356541BC6093B00A44526 /* Release */,
			);
			defaultConfigurationIsVisible = 0;
			defaultConfigurationName = Release;
		};
		464356551BC6093B00A44526 /* Build configuration list for PBXNativeTarget "清房助手Tests" */ = {
			isa = XCConfigurationList;
			buildConfigurations = (
				464356561BC6093B00A44526 /* Debug */,
				464356571BC6093B00A44526 /* Release */,
			);
			defaultConfigurationIsVisible = 0;
			defaultConfigurationName = Release;
		};
		464356581BC6093B00A44526 /* Build configuration list for PBXNativeTarget "清房助手UITests" */ = {
			isa = XCConfigurationList;
			buildConfigurations = (
				464356591BC6093B00A44526 /* Debug */,
				4643565A1BC6093B00A44526 /* Release */,
			);
			defaultConfigurationIsVisible = 0;
			defaultConfigurationName = Release;
		};
/* End XCConfigurationList section */
	};
	rootObject = 4643561D1BC6093B00A44526 /* Project object */;
}
